// !$*UTF8*$!
{
	archiveVersion = 1;
	classes = {
	};
	objectVersion = 46;
	objects = {

/* Begin PBXBuildFile section */
		E44EB71F1D6C45F900414F2F /* main.m in Sources */ = {isa = PBXBuildFile; fileRef = E44EB71E1D6C45F900414F2F /* main.m */; };
		E44EB7221D6C45F900414F2F /* AppDelegate.m in Sources */ = {isa = PBXBuildFile; fileRef = E44EB7211D6C45F900414F2F /* AppDelegate.m */; };
		E44EB7281D6C45F900414F2F /* Main.storyboard in Resources */ = {isa = PBXBuildFile; fileRef = E44EB7261D6C45F900414F2F /* Main.storyboard */; };
		E44EB72A1D6C45F900414F2F /* Assets.xcassets in Resources */ = {isa = PBXBuildFile; fileRef = E44EB7291D6C45F900414F2F /* Assets.xcassets */; };
		E44EB72D1D6C45F900414F2F /* LaunchScreen.storyboard in Resources */ = {isa = PBXBuildFile; fileRef = E44EB72B1D6C45F900414F2F /* LaunchScreen.storyboard */; };
		E44EB7381D6C45FA00414F2F /* MTUserExperienceDemoTests.m in Sources */ = {isa = PBXBuildFile; fileRef = E44EB7371D6C45FA00414F2F /* MTUserExperienceDemoTests.m */; };
		E44EB7431D6C45FA00414F2F /* MTUserExperienceDemoUITests.m in Sources */ = {isa = PBXBuildFile; fileRef = E44EB7421D6C45FA00414F2F /* MTUserExperienceDemoUITests.m */; };
		E44EB7521D6C4EDB00414F2F /* MTUETabBarController.m in Sources */ = {isa = PBXBuildFile; fileRef = E44EB7511D6C4EDB00414F2F /* MTUETabBarController.m */; };
		E44EB7551D6D319300414F2F /* MTUEHomeViewController.m in Sources */ = {isa = PBXBuildFile; fileRef = E44EB7541D6D319300414F2F /* MTUEHomeViewController.m */; };
		E44EB7631D6D8F3800414F2F /* bg.png in Resources */ = {isa = PBXBuildFile; fileRef = E44EB7571D6D8F3800414F2F /* bg.png */; };
		E44EB7641D6D8F3800414F2F /* hc-drib3.png in Resources */ = {isa = PBXBuildFile; fileRef = E44EB7581D6D8F3800414F2F /* hc-drib3.png */; };
		E44EB7651D6D8F3800414F2F /* ios7-cloudy.png in Resources */ = {isa = PBXBuildFile; fileRef = E44EB7591D6D8F3800414F2F /* ios7-cloudy.png */; };
		E44EB7661D6D8F3800414F2F /* load-a.png in Resources */ = {isa = PBXBuildFile; fileRef = E44EB75A1D6D8F3800414F2F /* load-a.png */; };
		E44EB7671D6D8F3800414F2F /* social-dribbble-outline.png in Resources */ = {isa = PBXBuildFile; fileRef = E44EB75B1D6D8F3800414F2F /* social-dribbble-outline.png */; };
		E44EB7681D6D8F3800414F2F /* social-dropbox.png in Resources */ = {isa = PBXBuildFile; fileRef = E44EB75C1D6D8F3800414F2F /* social-dropbox.png */; };
		E44EB7691D6D8F3800414F2F /* social-github.png in Resources */ = {isa = PBXBuildFile; fileRef = E44EB75D1D6D8F3800414F2F /* social-github.png */; };
		E44EB76A1D6D8F3800414F2F /* social-instagram.png in Resources */ = {isa = PBXBuildFile; fileRef = E44EB75E1D6D8F3800414F2F /* social-instagram.png */; };
		E44EB76B1D6D8F3800414F2F /* up_arrow.png in Resources */ = {isa = PBXBuildFile; fileRef = E44EB75F1D6D8F3800414F2F /* up_arrow.png */; };
		E44EB76F1D6D8FB800414F2F /* UIColor+MTUserExperience.m in Sources */ = {isa = PBXBuildFile; fileRef = E44EB76E1D6D8FB800414F2F /* UIColor+MTUserExperience.m */; };
		E44EB7721D6D919900414F2F /* MTUETableViewCell.m in Sources */ = {isa = PBXBuildFile; fileRef = E44EB7711D6D919900414F2F /* MTUETableViewCell.m */; };
		E44EB7741D6D9A1D00414F2F /* MTUETableViewCell.xib in Resources */ = {isa = PBXBuildFile; fileRef = E44EB7731D6D9A1D00414F2F /* MTUETableViewCell.xib */; };
/* End PBXBuildFile section */

/* Begin PBXContainerItemProxy section */
		E44EB7341D6C45FA00414F2F /* PBXContainerItemProxy */ = {
			isa = PBXContainerItemProxy;
			containerPortal = E44EB7121D6C45F900414F2F /* Project object */;
			proxyType = 1;
			remoteGlobalIDString = E44EB7191D6C45F900414F2F;
			remoteInfo = MTUserExperienceDemo;
		};
		E44EB73F1D6C45FA00414F2F /* PBXContainerItemProxy */ = {
			isa = PBXContainerItemProxy;
			containerPortal = E44EB7121D6C45F900414F2F /* Project object */;
			proxyType = 1;
			remoteGlobalIDString = E44EB7191D6C45F900414F2F;
			remoteInfo = MTUserExperienceDemo;
		};
/* End PBXContainerItemProxy section */

/* Begin PBXFileReference section */
		E44EB71A1D6C45F900414F2F /* MTUserExperienceDemo.app */ = {isa = PBXFileReference; explicitFileType = wrapper.application; includeInIndex = 0; path = MTUserExperienceDemo.app; sourceTree = BUILT_PRODUCTS_DIR; };
		E44EB71E1D6C45F900414F2F /* main.m */ = {isa = PBXFileReference; lastKnownFileType = sourcecode.c.objc; path = main.m; sourceTree = "<group>"; };
		E44EB7201D6C45F900414F2F /* AppDelegate.h */ = {isa = PBXFileReference; lastKnownFileType = sourcecode.c.h; path = AppDelegate.h; sourceTree = "<group>"; };
		E44EB7211D6C45F900414F2F /* AppDelegate.m */ = {isa = PBXFileReference; lastKnownFileType = sourcecode.c.objc; path = AppDelegate.m; sourceTree = "<group>"; };
		E44EB7271D6C45F900414F2F /* Base */ = {isa = PBXFileReference; lastKnownFileType = file.storyboard; name = Base; path = Base.lproj/Main.storyboard; sourceTree = "<group>"; };
		E44EB7291D6C45F900414F2F /* Assets.xcassets */ = {isa = PBXFileReference; lastKnownFileType = folder.assetcatalog; path = Assets.xcassets; sourceTree = "<group>"; };
		E44EB72C1D6C45F900414F2F /* Base */ = {isa = PBXFileReference; lastKnownFileType = file.storyboard; name = Base; path = Base.lproj/LaunchScreen.storyboard; sourceTree = "<group>"; };
		E44EB72E1D6C45F900414F2F /* Info.plist */ = {isa = PBXFileReference; lastKnownFileType = text.plist.xml; path = Info.plist; sourceTree = "<group>"; };
		E44EB7331D6C45FA00414F2F /* MTUserExperienceDemoTests.xctest */ = {isa = PBXFileReference; explicitFileType = wrapper.cfbundle; includeInIndex = 0; path = MTUserExperienceDemoTests.xctest; sourceTree = BUILT_PRODUCTS_DIR; };
		E44EB7371D6C45FA00414F2F /* MTUserExperienceDemoTests.m */ = {isa = PBXFileReference; lastKnownFileType = sourcecode.c.objc; path = MTUserExperienceDemoTests.m; sourceTree = "<group>"; };
		E44EB7391D6C45FA00414F2F /* Info.plist */ = {isa = PBXFileReference; lastKnownFileType = text.plist.xml; path = Info.plist; sourceTree = "<group>"; };
		E44EB73E1D6C45FA00414F2F /* MTUserExperienceDemoUITests.xctest */ = {isa = PBXFileReference; explicitFileType = wrapper.cfbundle; includeInIndex = 0; path = MTUserExperienceDemoUITests.xctest; sourceTree = BUILT_PRODUCTS_DIR; };
		E44EB7421D6C45FA00414F2F /* MTUserExperienceDemoUITests.m */ = {isa = PBXFileReference; lastKnownFileType = sourcecode.c.objc; path = MTUserExperienceDemoUITests.m; sourceTree = "<group>"; };
		E44EB7441D6C45FA00414F2F /* Info.plist */ = {isa = PBXFileReference; lastKnownFileType = text.plist.xml; path = Info.plist; sourceTree = "<group>"; };
		E44EB7501D6C4EDB00414F2F /* MTUETabBarController.h */ = {isa = PBXFileReference; fileEncoding = 4; lastKnownFileType = sourcecode.c.h; path = MTUETabBarController.h; sourceTree = "<group>"; };
		E44EB7511D6C4EDB00414F2F /* MTUETabBarController.m */ = {isa = PBXFileReference; fileEncoding = 4; lastKnownFileType = sourcecode.c.objc; path = MTUETabBarController.m; sourceTree = "<group>"; };
		E44EB7531D6D319300414F2F /* MTUEHomeViewController.h */ = {isa = PBXFileReference; fileEncoding = 4; lastKnownFileType = sourcecode.c.h; path = MTUEHomeViewController.h; sourceTree = "<group>"; };
		E44EB7541D6D319300414F2F /* MTUEHomeViewController.m */ = {isa = PBXFileReference; fileEncoding = 4; lastKnownFileType = sourcecode.c.objc; path = MTUEHomeViewController.m; sourceTree = "<group>"; };
		E44EB7571D6D8F3800414F2F /* bg.png */ = {isa = PBXFileReference; lastKnownFileType = image.png; path = bg.png; sourceTree = "<group>"; };
		E44EB7581D6D8F3800414F2F /* hc-drib3.png */ = {isa = PBXFileReference; lastKnownFileType = image.png; path = "hc-drib3.png"; sourceTree = "<group>"; };
		E44EB7591D6D8F3800414F2F /* ios7-cloudy.png */ = {isa = PBXFileReference; lastKnownFileType = image.png; path = "ios7-cloudy.png"; sourceTree = "<group>"; };
		E44EB75A1D6D8F3800414F2F /* load-a.png */ = {isa = PBXFileReference; lastKnownFileType = image.png; path = "load-a.png"; sourceTree = "<group>"; };
		E44EB75B1D6D8F3800414F2F /* social-dribbble-outline.png */ = {isa = PBXFileReference; lastKnownFileType = image.png; path = "social-dribbble-outline.png"; sourceTree = "<group>"; };
		E44EB75C1D6D8F3800414F2F /* social-dropbox.png */ = {isa = PBXFileReference; lastKnownFileType = image.png; path = "social-dropbox.png"; sourceTree = "<group>"; };
		E44EB75D1D6D8F3800414F2F /* social-github.png */ = {isa = PBXFileReference; lastKnownFileType = image.png; path = "social-github.png"; sourceTree = "<group>"; };
		E44EB75E1D6D8F3800414F2F /* social-instagram.png */ = {isa = PBXFileReference; lastKnownFileType = image.png; path = "social-instagram.png"; sourceTree = "<group>"; };
		E44EB75F1D6D8F3800414F2F /* up_arrow.png */ = {isa = PBXFileReference; lastKnownFileType = image.png; path = up_arrow.png; sourceTree = "<group>"; };
		E44EB76D1D6D8FB800414F2F /* UIColor+MTUserExperience.h */ = {isa = PBXFileReference; fileEncoding = 4; lastKnownFileType = sourcecode.c.h; path = "UIColor+MTUserExperience.h"; sourceTree = "<group>"; };
		E44EB76E1D6D8FB800414F2F /* UIColor+MTUserExperience.m */ = {isa = PBXFileReference; fileEncoding = 4; lastKnownFileType = sourcecode.c.objc; path = "UIColor+MTUserExperience.m"; sourceTree = "<group>"; };
		E44EB7701D6D919900414F2F /* MTUETableViewCell.h */ = {isa = PBXFileReference; fileEncoding = 4; lastKnownFileType = sourcecode.c.h; path = MTUETableViewCell.h; sourceTree = "<group>"; };
		E44EB7711D6D919900414F2F /* MTUETableViewCell.m */ = {isa = PBXFileReference; fileEncoding = 4; lastKnownFileType = sourcecode.c.objc; path = MTUETableViewCell.m; sourceTree = "<group>"; };
		E44EB7731D6D9A1D00414F2F /* MTUETableViewCell.xib */ = {isa = PBXFileReference; fileEncoding = 4; lastKnownFileType = file.xib; path = MTUETableViewCell.xib; sourceTree = "<group>"; };
/* End PBXFileReference section */

/* Begin PBXFrameworksBuildPhase section */
		E44EB7171D6C45F900414F2F /* Frameworks */ = {
			isa = PBXFrameworksBuildPhase;
			buildActionMask = 2147483647;
			files = (
			);
			runOnlyForDeploymentPostprocessing = 0;
		};
		E44EB7301D6C45FA00414F2F /* Frameworks */ = {
			isa = PBXFrameworksBuildPhase;
			buildActionMask = 2147483647;
			files = (
			);
			runOnlyForDeploymentPostprocessing = 0;
		};
		E44EB73B1D6C45FA00414F2F /* Frameworks */ = {
			isa = PBXFrameworksBuildPhase;
			buildActionMask = 2147483647;
			files = (
			);
			runOnlyForDeploymentPostprocessing = 0;
		};
/* End PBXFrameworksBuildPhase section */

/* Begin PBXGroup section */
		E44EB7111D6C45F900414F2F = {
			isa = PBXGroup;
			children = (
				E44EB71C1D6C45F900414F2F /* MTUserExperienceDemo */,
				E44EB7361D6C45FA00414F2F /* MTUserExperienceDemoTests */,
				E44EB7411D6C45FA00414F2F /* MTUserExperienceDemoUITests */,
				E44EB71B1D6C45F900414F2F /* Products */,
			);
			sourceTree = "<group>";
		};
		E44EB71B1D6C45F900414F2F /* Products */ = {
			isa = PBXGroup;
			children = (
				E44EB71A1D6C45F900414F2F /* MTUserExperienceDemo.app */,
				E44EB7331D6C45FA00414F2F /* MTUserExperienceDemoTests.xctest */,
				E44EB73E1D6C45FA00414F2F /* MTUserExperienceDemoUITests.xctest */,
			);
			name = Products;
			sourceTree = "<group>";
		};
		E44EB71C1D6C45F900414F2F /* MTUserExperienceDemo */ = {
			isa = PBXGroup;
			children = (
				E44EB71D1D6C45F900414F2F /* Supporting Files */,
				E44EB7561D6D8F3800414F2F /* Logo */,
				E44EB7201D6C45F900414F2F /* AppDelegate.h */,
				E44EB7211D6C45F900414F2F /* AppDelegate.m */,
				E44EB72E1D6C45F900414F2F /* Info.plist */,
				E44EB7501D6C4EDB00414F2F /* MTUETabBarController.h */,
				E44EB7511D6C4EDB00414F2F /* MTUETabBarController.m */,
				E44EB7531D6D319300414F2F /* MTUEHomeViewController.h */,
				E44EB7541D6D319300414F2F /* MTUEHomeViewController.m */,
				E44EB76D1D6D8FB800414F2F /* UIColor+MTUserExperience.h */,
				E44EB76E1D6D8FB800414F2F /* UIColor+MTUserExperience.m */,
				E44EB7701D6D919900414F2F /* MTUETableViewCell.h */,
				E44EB7711D6D919900414F2F /* MTUETableViewCell.m */,
				E44EB7731D6D9A1D00414F2F /* MTUETableViewCell.xib */,
			);
			path = MTUserExperienceDemo;
			sourceTree = "<group>";
		};
		E44EB71D1D6C45F900414F2F /* Supporting Files */ = {
			isa = PBXGroup;
			children = (
				E44EB7261D6C45F900414F2F /* Main.storyboard */,
				E44EB72B1D6C45F900414F2F /* LaunchScreen.storyboard */,
				E44EB7291D6C45F900414F2F /* Assets.xcassets */,
				E44EB71E1D6C45F900414F2F /* main.m */,
			);
			name = "Supporting Files";
			sourceTree = "<group>";
		};
		E44EB7361D6C45FA00414F2F /* MTUserExperienceDemoTests */ = {
			isa = PBXGroup;
			children = (
				E44EB7371D6C45FA00414F2F /* MTUserExperienceDemoTests.m */,
				E44EB7391D6C45FA00414F2F /* Info.plist */,
			);
			path = MTUserExperienceDemoTests;
			sourceTree = "<group>";
		};
		E44EB7411D6C45FA00414F2F /* MTUserExperienceDemoUITests */ = {
			isa = PBXGroup;
			children = (
				E44EB7421D6C45FA00414F2F /* MTUserExperienceDemoUITests.m */,
				E44EB7441D6C45FA00414F2F /* Info.plist */,
			);
			path = MTUserExperienceDemoUITests;
			sourceTree = "<group>";
		};
		E44EB7561D6D8F3800414F2F /* Logo */ = {
			isa = PBXGroup;
			children = (
				E44EB7571D6D8F3800414F2F /* bg.png */,
				E44EB7581D6D8F3800414F2F /* hc-drib3.png */,
				E44EB7591D6D8F3800414F2F /* ios7-cloudy.png */,
				E44EB75A1D6D8F3800414F2F /* load-a.png */,
				E44EB75B1D6D8F3800414F2F /* social-dribbble-outline.png */,
				E44EB75C1D6D8F3800414F2F /* social-dropbox.png */,
				E44EB75D1D6D8F3800414F2F /* social-github.png */,
				E44EB75E1D6D8F3800414F2F /* social-instagram.png */,
				E44EB75F1D6D8F3800414F2F /* up_arrow.png */,
			);
			path = Logo;
			sourceTree = "<group>";
		};
/* End PBXGroup section */

/* Begin PBXNativeTarget section */
		E44EB7191D6C45F900414F2F /* MTUserExperienceDemo */ = {
			isa = PBXNativeTarget;
			buildConfigurationList = E44EB7471D6C45FA00414F2F /* Build configuration list for PBXNativeTarget "MTUserExperienceDemo" */;
			buildPhases = (
				E44EB7161D6C45F900414F2F /* Sources */,
				E44EB7171D6C45F900414F2F /* Frameworks */,
				E44EB7181D6C45F900414F2F /* Resources */,
			);
			buildRules = (
			);
			dependencies = (
			);
			name = MTUserExperienceDemo;
			productName = MTUserExperienceDemo;
			productReference = E44EB71A1D6C45F900414F2F /* MTUserExperienceDemo.app */;
			productType = "com.apple.product-type.application";
		};
		E44EB7321D6C45FA00414F2F /* MTUserExperienceDemoTests */ = {
			isa = PBXNativeTarget;
			buildConfigurationList = E44EB74A1D6C45FA00414F2F /* Build configuration list for PBXNativeTarget "MTUserExperienceDemoTests" */;
			buildPhases = (
				E44EB72F1D6C45FA00414F2F /* Sources */,
				E44EB7301D6C45FA00414F2F /* Frameworks */,
				E44EB7311D6C45FA00414F2F /* Resources */,
			);
			buildRules = (
			);
			dependencies = (
				E44EB7351D6C45FA00414F2F /* PBXTargetDependency */,
			);
			name = MTUserExperienceDemoTests;
			productName = MTUserExperienceDemoTests;
			productReference = E44EB7331D6C45FA00414F2F /* MTUserExperienceDemoTests.xctest */;
			productType = "com.apple.product-type.bundle.unit-test";
		};
		E44EB73D1D6C45FA00414F2F /* MTUserExperienceDemoUITests */ = {
			isa = PBXNativeTarget;
			buildConfigurationList = E44EB74D1D6C45FA00414F2F /* Build configuration list for PBXNativeTarget "MTUserExperienceDemoUITests" */;
			buildPhases = (
				E44EB73A1D6C45FA00414F2F /* Sources */,
				E44EB73B1D6C45FA00414F2F /* Frameworks */,
				E44EB73C1D6C45FA00414F2F /* Resources */,
			);
			buildRules = (
			);
			dependencies = (
				E44EB7401D6C45FA00414F2F /* PBXTargetDependency */,
			);
			name = MTUserExperienceDemoUITests;
			productName = MTUserExperienceDemoUITests;
			productReference = E44EB73E1D6C45FA00414F2F /* MTUserExperienceDemoUITests.xctest */;
			productType = "com.apple.product-type.bundle.ui-testing";
		};
/* End PBXNativeTarget section */

/* Begin PBXProject section */
		E44EB7121D6C45F900414F2F /* Project object */ = {
			isa = PBXProject;
			attributes = {
				LastUpgradeCheck = 0730;
				ORGANIZATIONNAME = e29hz;
				TargetAttributes = {
					E44EB7191D6C45F900414F2F = {
						CreatedOnToolsVersion = 7.3;
						DevelopmentTeam = 2EWQ7L7QV9;
					};
					E44EB7321D6C45FA00414F2F = {
						CreatedOnToolsVersion = 7.3;
						DevelopmentTeam = 2EWQ7L7QV9;
						TestTargetID = E44EB7191D6C45F900414F2F;
					};
					E44EB73D1D6C45FA00414F2F = {
						CreatedOnToolsVersion = 7.3;
						DevelopmentTeam = 2EWQ7L7QV9;
						TestTargetID = E44EB7191D6C45F900414F2F;
					};
				};
			};
			buildConfigurationList = E44EB7151D6C45F900414F2F /* Build configuration list for PBXProject "MTUserExperienceDemo" */;
			compatibilityVersion = "Xcode 3.2";
			developmentRegion = English;
			hasScannedForEncodings = 0;
			knownRegions = (
				en,
				Base,
			);
			mainGroup = E44EB7111D6C45F900414F2F;
			productRefGroup = E44EB71B1D6C45F900414F2F /* Products */;
			projectDirPath = "";
			projectRoot = "";
			targets = (
				E44EB7191D6C45F900414F2F /* MTUserExperienceDemo */,
				E44EB7321D6C45FA00414F2F /* MTUserExperienceDemoTests */,
				E44EB73D1D6C45FA00414F2F /* MTUserExperienceDemoUITests */,
			);
		};
/* End PBXProject section */

/* Begin PBXResourcesBuildPhase section */
		E44EB7181D6C45F900414F2F /* Resources */ = {
			isa = PBXResourcesBuildPhase;
			buildActionMask = 2147483647;
			files = (
				E44EB72D1D6C45F900414F2F /* LaunchScreen.storyboard in Resources */,
				E44EB7691D6D8F3800414F2F /* social-github.png in Resources */,
				E44EB7741D6D9A1D00414F2F /* MTUETableViewCell.xib in Resources */,
				E44EB7671D6D8F3800414F2F /* social-dribbble-outline.png in Resources */,
				E44EB72A1D6C45F900414F2F /* Assets.xcassets in Resources */,
				E44EB7631D6D8F3800414F2F /* bg.png in Resources */,
				E44EB7281D6C45F900414F2F /* Main.storyboard in Resources */,
				E44EB76B1D6D8F3800414F2F /* up_arrow.png in Resources */,
				E44EB76A1D6D8F3800414F2F /* social-instagram.png in Resources */,
				E44EB7661D6D8F3800414F2F /* load-a.png in Resources */,
				E44EB7641D6D8F3800414F2F /* hc-drib3.png in Resources */,
				E44EB7651D6D8F3800414F2F /* ios7-cloudy.png in Resources */,
				E44EB7681D6D8F3800414F2F /* social-dropbox.png in Resources */,
			);
			runOnlyForDeploymentPostprocessing = 0;
		};
		E44EB7311D6C45FA00414F2F /* Resources */ = {
			isa = PBXResourcesBuildPhase;
			buildActionMask = 2147483647;
			files = (
			);
			runOnlyForDeploymentPostprocessing = 0;
		};
		E44EB73C1D6C45FA00414F2F /* Resources */ = {
			isa = PBXResourcesBuildPhase;
			buildActionMask = 2147483647;
			files = (
			);
			runOnlyForDeploymentPostprocessing = 0;
		};
/* End PBXResourcesBuildPhase section */

/* Begin PBXSourcesBuildPhase section */
		E44EB7161D6C45F900414F2F /* Sources */ = {
			isa = PBXSourcesBuildPhase;
			buildActionMask = 2147483647;
			files = (
				E44EB7521D6C4EDB00414F2F /* MTUETabBarController.m in Sources */,
				E44EB76F1D6D8FB800414F2F /* UIColor+MTUserExperience.m in Sources */,
				E44EB7721D6D919900414F2F /* MTUETableViewCell.m in Sources */,
				E44EB7221D6C45F900414F2F /* AppDelegate.m in Sources */,
				E44EB7551D6D319300414F2F /* MTUEHomeViewController.m in Sources */,
				E44EB71F1D6C45F900414F2F /* main.m in Sources */,
			);
			runOnlyForDeploymentPostprocessing = 0;
		};
		E44EB72F1D6C45FA00414F2F /* Sources */ = {
			isa = PBXSourcesBuildPhase;
			buildActionMask = 2147483647;
			files = (
				E44EB7381D6C45FA00414F2F /* MTUserExperienceDemoTests.m in Sources */,
			);
			runOnlyForDeploymentPostprocessing = 0;
		};
		E44EB73A1D6C45FA00414F2F /* Sources */ = {
			isa = PBXSourcesBuildPhase;
			buildActionMask = 2147483647;
			files = (
				E44EB7431D6C45FA00414F2F /* MTUserExperienceDemoUITests.m in Sources */,
			);
			runOnlyForDeploymentPostprocessing = 0;
		};
/* End PBXSourcesBuildPhase section */

/* Begin PBXTargetDependency section */
		E44EB7351D6C45FA00414F2F /* PBXTargetDependency */ = {
			isa = PBXTargetDependency;
			target = E44EB7191D6C45F900414F2F /* MTUserExperienceDemo */;
			targetProxy = E44EB7341D6C45FA00414F2F /* PBXContainerItemProxy */;
		};
		E44EB7401D6C45FA00414F2F /* PBXTargetDependency */ = {
			isa = PBXTargetDependency;
			target = E44EB7191D6C45F900414F2F /* MTUserExperienceDemo */;
			targetProxy = E44EB73F1D6C45FA00414F2F /* PBXContainerItemProxy */;
		};
/* End PBXTargetDependency section */

/* Begin PBXVariantGroup section */
		E44EB7261D6C45F900414F2F /* Main.storyboard */ = {
			isa = PBXVariantGroup;
			children = (
				E44EB7271D6C45F900414F2F /* Base */,
			);
			name = Main.storyboard;
			sourceTree = "<group>";
		};
		E44EB72B1D6C45F900414F2F /* LaunchScreen.storyboard */ = {
			isa = PBXVariantGroup;
			children = (
				E44EB72C1D6C45F900414F2F /* Base */,
			);
			name = LaunchScreen.storyboard;
			sourceTree = "<group>";
		};
/* End PBXVariantGroup section */

/* Begin XCBuildConfiguration section */
		E44EB7451D6C45FA00414F2F /* Debug */ = {
			isa = XCBuildConfiguration;
			buildSettings = {
				ALWAYS_SEARCH_USER_PATHS = NO;
				CLANG_ANALYZER_NONNULL = YES;
				CLANG_CXX_LANGUAGE_STANDARD = "gnu++0x";
				CLANG_CXX_LIBRARY = "libc++";
				CLANG_ENABLE_MODULES = YES;
				CLANG_ENABLE_OBJC_ARC = YES;
				CLANG_WARN_BOOL_CONVERSION = YES;
				CLANG_WARN_CONSTANT_CONVERSION = YES;
				CLANG_WARN_DIRECT_OBJC_ISA_USAGE = YES_ERROR;
				CLANG_WARN_EMPTY_BODY = YES;
				CLANG_WARN_ENUM_CONVERSION = YES;
				CLANG_WARN_INT_CONVERSION = YES;
				CLANG_WARN_OBJC_ROOT_CLASS = YES_ERROR;
				CLANG_WARN_UNREACHABLE_CODE = YES;
				CLANG_WARN__DUPLICATE_METHOD_MATCH = YES;
				"CODE_SIGN_IDENTITY[sdk=iphoneos*]" = "iPhone Developer";
				COPY_PHASE_STRIP = NO;
				DEBUG_INFORMATION_FORMAT = dwarf;
				ENABLE_STRICT_OBJC_MSGSEND = YES;
				ENABLE_TESTABILITY = YES;
				GCC_C_LANGUAGE_STANDARD = gnu99;
				GCC_DYNAMIC_NO_PIC = NO;
				GCC_NO_COMMON_BLOCKS = YES;
				GCC_OPTIMIZATION_LEVEL = 0;
				GCC_PREPROCESSOR_DEFINITIONS = (
					"DEBUG=1",
					"$(inherited)",
				);
				GCC_WARN_64_TO_32_BIT_CONVERSION = YES;
				GCC_WARN_ABOUT_RETURN_TYPE = YES_ERROR;
				GCC_WARN_UNDECLARED_SELECTOR = YES;
				GCC_WARN_UNINITIALIZED_AUTOS = YES_AGGRESSIVE;
				GCC_WARN_UNUSED_FUNCTION = YES;
				GCC_WARN_UNUSED_VARIABLE = YES;
				IPHONEOS_DEPLOYMENT_TARGET = 9.3;
				MTL_ENABLE_DEBUG_INFO = YES;
				ONLY_ACTIVE_ARCH = YES;
				SDKROOT = iphoneos;
			};
			name = Debug;
		};
		E44EB7461D6C45FA00414F2F /* Release */ = {
			isa = XCBuildConfiguration;
			buildSettings = {
				ALWAYS_SEARCH_USER_PATHS = NO;
				CLANG_ANALYZER_NONNULL = YES;
				CLANG_CXX_LANGUAGE_STANDARD = "gnu++0x";
				CLANG_CXX_LIBRARY = "libc++";
				CLANG_ENABLE_MODULES = YES;
				CLANG_ENABLE_OBJC_ARC = YES;
				CLANG_WARN_BOOL_CONVERSION = YES;
				CLANG_WARN_CONSTANT_CONVERSION = YES;
				CLANG_WARN_DIRECT_OBJC_ISA_USAGE = YES_ERROR;
				CLANG_WARN_EMPTY_BODY = YES;
				CLANG_WARN_ENUM_CONVERSION = YES;
				CLANG_WARN_INT_CONVERSION = YES;
				CLANG_WARN_OBJC_ROOT_CLASS = YES_ERROR;
				CLANG_WARN_UNREACHABLE_CODE = YES;
				CLANG_WARN__DUPLICATE_METHOD_MATCH = YES;
				"CODE_SIGN_IDENTITY[sdk=iphoneos*]" = "iPhone Developer";
				COPY_PHASE_STRIP = NO;
				DEBUG_INFORMATION_FORMAT = "dwarf-with-dsym";
				ENABLE_NS_ASSERTIONS = NO;
				ENABLE_STRICT_OBJC_MSGSEND = YES;
				GCC_C_LANGUAGE_STANDARD = gnu99;
				GCC_NO_COMMON_BLOCKS = YES;
				GCC_WARN_64_TO_32_BIT_CONVERSION = YES;
				GCC_WARN_ABOUT_RETURN_TYPE = YES_ERROR;
				GCC_WARN_UNDECLARED_SELECTOR = YES;
				GCC_WARN_UNINITIALIZED_AUTOS = YES_AGGRESSIVE;
				GCC_WARN_UNUSED_FUNCTION = YES;
				GCC_WARN_UNUSED_VARIABLE = YES;
				IPHONEOS_DEPLOYMENT_TARGET = 9.3;
				MTL_ENABLE_DEBUG_INFO = NO;
				SDKROOT = iphoneos;
				VALIDATE_PRODUCT = YES;
			};
			name = Release;
		};
		E44EB7481D6C45FA00414F2F /* Debug */ = {
			isa = XCBuildConfiguration;
			buildSettings = {
				ASSETCATALOG_COMPILER_APPICON_NAME = AppIcon;
				INFOPLIST_FILE = MTUserExperienceDemo/Info.plist;
				LD_RUNPATH_SEARCH_PATHS = "$(inherited) @executable_path/Frameworks";
				PRODUCT_BUNDLE_IDENTIFIER = com.e29hz.MTUserExperienceDemo;
				PRODUCT_NAME = "$(TARGET_NAME)";
			};
			name = Debug;
		};
		E44EB7491D6C45FA00414F2F /* Release */ = {
			isa = XCBuildConfiguration;
			buildSettings = {
				ASSETCATALOG_COMPILER_APPICON_NAME = AppIcon;
				INFOPLIST_FILE = MTUserExperienceDemo/Info.plist;
				LD_RUNPATH_SEARCH_PATHS = "$(inherited) @executable_path/Frameworks";
				PRODUCT_BUNDLE_IDENTIFIER = com.e29hz.MTUserExperienceDemo;
				PRODUCT_NAME = "$(TARGET_NAME)";
			};
			name = Release;
		};
		E44EB74B1D6C45FA00414F2F /* Debug */ = {
			isa = XCBuildConfiguration;
			buildSettings = {
				BUNDLE_LOADER = "$(TEST_HOST)";
				INFOPLIST_FILE = MTUserExperienceDemoTests/Info.plist;
				LD_RUNPATH_SEARCH_PATHS = "$(inherited) @executable_path/Frameworks @loader_path/Frameworks";
				PRODUCT_BUNDLE_IDENTIFIER = com.e29hz.MTUserExperienceDemoTests;
				PRODUCT_NAME = "$(TARGET_NAME)";
				TEST_HOST = "$(BUILT_PRODUCTS_DIR)/MTUserExperienceDemo.app/MTUserExperienceDemo";
			};
			name = Debug;
		};
		E44EB74C1D6C45FA00414F2F /* Release */ = {
			isa = XCBuildConfiguration;
			buildSettings = {
				BUNDLE_LOADER = "$(TEST_HOST)";
				INFOPLIST_FILE = MTUserExperienceDemoTests/Info.plist;
				LD_RUNPATH_SEARCH_PATHS = "$(inherited) @executable_path/Frameworks @loader_path/Frameworks";
				PRODUCT_BUNDLE_IDENTIFIER = com.e29hz.MTUserExperienceDemoTests;
				PRODUCT_NAME = "$(TARGET_NAME)";
				TEST_HOST = "$(BUILT_PRODUCTS_DIR)/MTUserExperienceDemo.app/MTUserExperienceDemo";
			};
			name = Release;
		};
		E44EB74E1D6C45FA00414F2F /* Debug */ = {
			isa = XCBuildConfiguration;
			buildSettings = {
				INFOPLIST_FILE = MTUserExperienceDemoUITests/Info.plist;
				LD_RUNPATH_SEARCH_PATHS = "$(inherited) @executable_path/Frameworks @loader_path/Frameworks";
				PRODUCT_BUNDLE_IDENTIFIER = com.e29hz.MTUserExperienceDemoUITests;
				PRODUCT_NAME = "$(TARGET_NAME)";
				TEST_TARGET_NAME = MTUserExperienceDemo;
			};
			name = Debug;
		};
		E44EB74F1D6C45FA00414F2F /* Release */ = {
			isa = XCBuildConfiguration;
			buildSettings = {
				INFOPLIST_FILE = MTUserExperienceDemoUITests/Info.plist;
				LD_RUNPATH_SEARCH_PATHS = "$(inherited) @executable_path/Frameworks @loader_path/Frameworks";
				PRODUCT_BUNDLE_IDENTIFIER = com.e29hz.MTUserExperienceDemoUITests;
				PRODUCT_NAME = "$(TARGET_NAME)";
				TEST_TARGET_NAME = MTUserExperienceDemo;
			};
			name = Release;
		};
/* End XCBuildConfiguration section */

/* Begin XCConfigurationList section */
		E44EB7151D6C45F900414F2F /* Build configuration list for PBXProject "MTUserExperienceDemo" */ = {
			isa = XCConfigurationList;
			buildConfigurations = (
				E44EB7451D6C45FA00414F2F /* Debug */,
				E44EB7461D6C45FA00414F2F /* Release */,
			);
			defaultConfigurationIsVisible = 0;
			defaultConfigurationName = Release;
		};
		E44EB7471D6C45FA00414F2F /* Build configuration list for PBXNativeTarget "MTUserExperienceDemo" */ = {
			isa = XCConfigurationList;
			buildConfigurations = (
				E44EB7481D6C45FA00414F2F /* Debug */,
				E44EB7491D6C45FA00414F2F /* Release */,
			);
			defaultConfigurationIsVisible = 0;
		};
		E44EB74A1D6C45FA00414F2F /* Build configuration list for PBXNativeTarget "MTUserExperienceDemoTests" */ = {
			isa = XCConfigurationList;
			buildConfigurations = (
				E44EB74B1D6C45FA00414F2F /* Debug */,
				E44EB74C1D6C45FA00414F2F /* Release */,
			);
			defaultConfigurationIsVisible = 0;
		};
		E44EB74D1D6C45FA00414F2F /* Build configuration list for PBXNativeTarget "MTUserExperienceDemoUITests" */ = {
			isa = XCConfigurationList;
			buildConfigurations = (
				E44EB74E1D6C45FA00414F2F /* Debug */,
				E44EB74F1D6C45FA00414F2F /* Release */,
			);
			defaultConfigurationIsVisible = 0;
		};
/* End XCConfigurationList section */
	};
	rootObject = E44EB7121D6C45F900414F2F /* Project object */;
}
